// !$*UTF8*$!
{
	archiveVersion = 1;
	classes = {
	};
	objectVersion = 48;
	objects = {

/* Begin PBXBuildFile section */
		17991EDB1FBB5BF9009DC2E0 /* AppDelegate.swift in Sources */ = {isa = PBXBuildFile; fileRef = 17991EDA1FBB5BF9009DC2E0 /* AppDelegate.swift */; };
		17991EDD1FBB5BF9009DC2E0 /* ViewController.swift in Sources */ = {isa = PBXBuildFile; fileRef = 17991EDC1FBB5BF9009DC2E0 /* ViewController.swift */; };
		17991EE01FBB5BF9009DC2E0 /* Main.storyboard in Resources */ = {isa = PBXBuildFile; fileRef = 17991EDE1FBB5BF9009DC2E0 /* Main.storyboard */; };
		17991EE21FBB5BF9009DC2E0 /* Assets.xcassets in Resources */ = {isa = PBXBuildFile; fileRef = 17991EE11FBB5BF9009DC2E0 /* Assets.xcassets */; };
		17991EE51FBB5BF9009DC2E0 /* LaunchScreen.storyboard in Resources */ = {isa = PBXBuildFile; fileRef = 17991EE31FBB5BF9009DC2E0 /* LaunchScreen.storyboard */; };
		17991EF01FBB5BF9009DC2E0 /* ARKitPlayingTests.swift in Sources */ = {isa = PBXBuildFile; fileRef = 17991EEF1FBB5BF9009DC2E0 /* ARKitPlayingTests.swift */; };
		17991EFC1FBB5E63009DC2E0 /* Matrix+float3.swift in Sources */ = {isa = PBXBuildFile; fileRef = 17991EFB1FBB5E63009DC2E0 /* Matrix+float3.swift */; };
		17991EFE1FBB6171009DC2E0 /* brick in Resources */ = {isa = PBXBuildFile; fileRef = 17991EFD1FBB6170009DC2E0 /* brick */; };
/* End PBXBuildFile section */

/* Begin PBXContainerItemProxy section */
		17991EEC1FBB5BF9009DC2E0 /* PBXContainerItemProxy */ = {
			isa = PBXContainerItemProxy;
			containerPortal = 17991ECF1FBB5BF9009DC2E0 /* Project object */;
			proxyType = 1;
			remoteGlobalIDString = 17991ED61FBB5BF9009DC2E0;
			remoteInfo = ARKitPlaying;
		};
/* End PBXContainerItemProxy section */

/* Begin PBXFileReference section */
		17991ED71FBB5BF9009DC2E0 /* ARKitPlaying.app */ = {isa = PBXFileReference; explicitFileType = wrapper.application; includeInIndex = 0; path = ARKitPlaying.app; sourceTree = BUILT_PRODUCTS_DIR; };
		17991EDA1FBB5BF9009DC2E0 /* AppDelegate.swift */ = {isa = PBXFileReference; lastKnownFileType = sourcecode.swift; path = AppDelegate.swift; sourceTree = "<group>"; };
		17991EDC1FBB5BF9009DC2E0 /* ViewController.swift */ = {isa = PBXFileReference; lastKnownFileType = sourcecode.swift; path = ViewController.swift; sourceTree = "<group>"; };
		17991EDF1FBB5BF9009DC2E0 /* Base */ = {isa = PBXFileReference; lastKnownFileType = file.storyboard; name = Base; path = Base.lproj/Main.storyboard; sourceTree = "<group>"; };
		17991EE11FBB5BF9009DC2E0 /* Assets.xcassets */ = {isa = PBXFileReference; lastKnownFileType = folder.assetcatalog; path = Assets.xcassets; sourceTree = "<group>"; };
		17991EE41FBB5BF9009DC2E0 /* Base */ = {isa = PBXFileReference; lastKnownFileType = file.storyboard; name = Base; path = Base.lproj/LaunchScreen.storyboard; sourceTree = "<group>"; };
		17991EE61FBB5BF9009DC2E0 /* Info.plist */ = {isa = PBXFileReference; lastKnownFileType = text.plist.xml; path = Info.plist; sourceTree = "<group>"; };
		17991EEB1FBB5BF9009DC2E0 /* ARKitPlayingTests.xctest */ = {isa = PBXFileReference; explicitFileType = wrapper.cfbundle; includeInIndex = 0; path = ARKitPlayingTests.xctest; sourceTree = BUILT_PRODUCTS_DIR; };
		17991EEF1FBB5BF9009DC2E0 /* ARKitPlayingTests.swift */ = {isa = PBXFileReference; lastKnownFileType = sourcecode.swift; path = ARKitPlayingTests.swift; sourceTree = "<group>"; };
		17991EF11FBB5BF9009DC2E0 /* Info.plist */ = {isa = PBXFileReference; lastKnownFileType = text.plist.xml; path = Info.plist; sourceTree = "<group>"; };
		17991EFB1FBB5E63009DC2E0 /* Matrix+float3.swift */ = {isa = PBXFileReference; lastKnownFileType = sourcecode.swift; path = "Matrix+float3.swift"; sourceTree = "<group>"; };
		17991EFD1FBB6170009DC2E0 /* brick */ = {isa = PBXFileReference; lastKnownFileType = file; path = brick; sourceTree = "<group>"; };
/* End PBXFileReference section */

/* Begin PBXFrameworksBuildPhase section */
		17991ED41FBB5BF9009DC2E0 /* Frameworks */ = {
			isa = PBXFrameworksBuildPhase;
			buildActionMask = 2147483647;
			files = (
			);
			runOnlyForDeploymentPostprocessing = 0;
		};
		17991EE81FBB5BF9009DC2E0 /* Frameworks */ = {
			isa = PBXFrameworksBuildPhase;
			buildActionMask = 2147483647;
			files = (
			);
			runOnlyForDeploymentPostprocessing = 0;
		};
/* End PBXFrameworksBuildPhase section */

/* Begin PBXGroup section */
		17991ECE1FBB5BF9009DC2E0 = {
			isa = PBXGroup;
			children = (
				17991ED91FBB5BF9009DC2E0 /* ARKitPlaying */,
				17991EEE1FBB5BF9009DC2E0 /* ARKitPlayingTests */,
				17991ED81FBB5BF9009DC2E0 /* Products */,
			);
			sourceTree = "<group>";
		};
		17991ED81FBB5BF9009DC2E0 /* Products */ = {
			isa = PBXGroup;
			children = (
				17991ED71FBB5BF9009DC2E0 /* ARKitPlaying.app */,
				17991EEB1FBB5BF9009DC2E0 /* ARKitPlayingTests.xctest */,
			);
			name = Products;
			sourceTree = "<group>";
		};
		17991ED91FBB5BF9009DC2E0 /* ARKitPlaying */ = {
			isa = PBXGroup;
			children = (
				17991EFA1FBB5E43009DC2E0 /* Extensions */,
				17991EDA1FBB5BF9009DC2E0 /* AppDelegate.swift */,
				17991EDC1FBB5BF9009DC2E0 /* ViewController.swift */,
				17991EDE1FBB5BF9009DC2E0 /* Main.storyboard */,
				17991EE11FBB5BF9009DC2E0 /* Assets.xcassets */,
				17991EE31FBB5BF9009DC2E0 /* LaunchScreen.storyboard */,
				17991EFD1FBB6170009DC2E0 /* brick */,
				17991EE61FBB5BF9009DC2E0 /* Info.plist */,
			);
			path = ARKitPlaying;
			sourceTree = "<group>";
		};
		17991EEE1FBB5BF9009DC2E0 /* ARKitPlayingTests */ = {
			isa = PBXGroup;
			children = (
				17991EEF1FBB5BF9009DC2E0 /* ARKitPlayingTests.swift */,
				17991EF11FBB5BF9009DC2E0 /* Info.plist */,
			);
			path = ARKitPlayingTests;
			sourceTree = "<group>";
		};
		17991EFA1FBB5E43009DC2E0 /* Extensions */ = {
			isa = PBXGroup;
			children = (
				17991EFB1FBB5E63009DC2E0 /* Matrix+float3.swift */,
			);
			path = Extensions;
			sourceTree = "<group>";
		};
/* End PBXGroup section */

/* Begin PBXNativeTarget section */
		17991ED61FBB5BF9009DC2E0 /* ARKitPlaying */ = {
			isa = PBXNativeTarget;
			buildConfigurationList = 17991EF41FBB5BF9009DC2E0 /* Build configuration list for PBXNativeTarget "ARKitPlaying" */;
			buildPhases = (
				17991ED31FBB5BF9009DC2E0 /* Sources */,
				17991ED41FBB5BF9009DC2E0 /* Frameworks */,
				17991ED51FBB5BF9009DC2E0 /* Resources */,
			);
			buildRules = (
			);
			dependencies = (
			);
			name = ARKitPlaying;
			productName = ARKitPlaying;
			productReference = 17991ED71FBB5BF9009DC2E0 /* ARKitPlaying.app */;
			productType = "com.apple.product-type.application";
		};
		17991EEA1FBB5BF9009DC2E0 /* ARKitPlayingTests */ = {
			isa = PBXNativeTarget;
			buildConfigurationList = 17991EF71FBB5BF9009DC2E0 /* Build configuration list for PBXNativeTarget "ARKitPlayingTests" */;
			buildPhases = (
				17991EE71FBB5BF9009DC2E0 /* Sources */,
				17991EE81FBB5BF9009DC2E0 /* Frameworks */,
				17991EE91FBB5BF9009DC2E0 /* Resources */,
			);
			buildRules = (
			);
			dependencies = (
				17991EED1FBB5BF9009DC2E0 /* PBXTargetDependency */,
			);
			name = ARKitPlayingTests;
			productName = ARKitPlayingTests;
			productReference = 17991EEB1FBB5BF9009DC2E0 /* ARKitPlayingTests.xctest */;
			productType = "com.apple.product-type.bundle.unit-test";
		};
/* End PBXNativeTarget section */

/* Begin PBXProject section */
		17991ECF1FBB5BF9009DC2E0 /* Project object */ = {
			isa = PBXProject;
			attributes = {
				LastSwiftUpdateCheck = 0910;
				LastUpgradeCheck = 0910;
				ORGANIZATIONNAME = com.ann;
				TargetAttributes = {
					17991ED61FBB5BF9009DC2E0 = {
						CreatedOnToolsVersion = 9.1;
						ProvisioningStyle = Automatic;
					};
					17991EEA1FBB5BF9009DC2E0 = {
						CreatedOnToolsVersion = 9.1;
						ProvisioningStyle = Automatic;
						TestTargetID = 17991ED61FBB5BF9009DC2E0;
					};
				};
			};
			buildConfigurationList = 17991ED21FBB5BF9009DC2E0 /* Build configuration list for PBXProject "ARKitPlaying" */;
			compatibilityVersion = "Xcode 8.0";
			developmentRegion = en;
			hasScannedForEncodings = 0;
			knownRegions = (
				en,
				Base,
			);
			mainGroup = 17991ECE1FBB5BF9009DC2E0;
			productRefGroup = 17991ED81FBB5BF9009DC2E0 /* Products */;
			projectDirPath = "";
			projectRoot = "";
			targets = (
				17991ED61FBB5BF9009DC2E0 /* ARKitPlaying */,
				17991EEA1FBB5BF9009DC2E0 /* ARKitPlayingTests */,
			);
		};
/* End PBXProject section */

/* Begin PBXResourcesBuildPhase section */
		17991ED51FBB5BF9009DC2E0 /* Resources */ = {
			isa = PBXResourcesBuildPhase;
			buildActionMask = 2147483647;
			files = (
				17991EFE1FBB6171009DC2E0 /* brick in Resources */,
				17991EE51FBB5BF9009DC2E0 /* LaunchScreen.storyboard in Resources */,
				17991EE21FBB5BF9009DC2E0 /* Assets.xcassets in Resources */,
				17991EE01FBB5BF9009DC2E0 /* Main.storyboard in Resources */,
			);
			runOnlyForDeploymentPostprocessing = 0;
		};
		17991EE91FBB5BF9009DC2E0 /* Resources */ = {
			isa = PBXResourcesBuildPhase;
			buildActionMask = 2147483647;
			files = (
			);
			runOnlyForDeploymentPostprocessing = 0;
		};
/* End PBXResourcesBuildPhase section */

/* Begin PBXSourcesBuildPhase section */
		17991ED31FBB5BF9009DC2E0 /* Sources */ = {
			isa = PBXSourcesBuildPhase;
			buildActionMask = 2147483647;
			files = (
				17991EDD1FBB5BF9009DC2E0 /* ViewController.swift in Sources */,
				17991EFC1FBB5E63009DC2E0 /* Matrix+float3.swift in Sources */,
				17991EDB1FBB5BF9009DC2E0 /* AppDelegate.swift in Sources */,
			);
			runOnlyForDeploymentPostprocessing = 0;
		};
		17991EE71FBB5BF9009DC2E0 /* Sources */ = {
			isa = PBXSourcesBuildPhase;
			buildActionMask = 2147483647;
			files = (
				17991EF01FBB5BF9009DC2E0 /* ARKitPlayingTests.swift in Sources */,
			);
			runOnlyForDeploymentPostprocessing = 0;
		};
/* End PBXSourcesBuildPhase section */

/* Begin PBXTargetDependency section */
		17991EED1FBB5BF9009DC2E0 /* PBXTargetDependency */ = {
			isa = PBXTargetDependency;
			target = 17991ED61FBB5BF9009DC2E0 /* ARKitPlaying */;
			targetProxy = 17991EEC1FBB5BF9009DC2E0 /* PBXContainerItemProxy */;
		};
/* End PBXTargetDependency section */

/* Begin PBXVariantGroup section */
		17991EDE1FBB5BF9009DC2E0 /* Main.storyboard */ = {
			isa = PBXVariantGroup;
			children = (
				17991EDF1FBB5BF9009DC2E0 /* Base */,
			);
			name = Main.storyboard;
			sourceTree = "<group>";
		};
		17991EE31FBB5BF9009DC2E0 /* LaunchScreen.storyboard */ = {
			isa = PBXVariantGroup;
			children = (
				17991EE41FBB5BF9009DC2E0 /* Base */,
			);
			name = LaunchScreen.storyboard;
			sourceTree = "<group>";
		};
/* End PBXVariantGroup section */

/* Begin XCBuildConfiguration section */
		17991EF21FBB5BF9009DC2E0 /* Debug */ = {
			isa = XCBuildConfiguration;
			buildSettings = {
				ALWAYS_SEARCH_USER_PATHS = NO;
				CLANG_ANALYZER_NONNULL = YES;
				CLANG_ANALYZER_NUMBER_OBJECT_CONVERSION = YES_AGGRESSIVE;
				CLANG_CXX_LANGUAGE_STANDARD = "gnu++14";
				CLANG_CXX_LIBRARY = "libc++";
				CLANG_ENABLE_MODULES = YES;
				CLANG_ENABLE_OBJC_ARC = YES;
				CLANG_WARN_BLOCK_CAPTURE_AUTORELEASING = YES;
				CLANG_WARN_BOOL_CONVERSION = YES;
				CLANG_WARN_COMMA = YES;
				CLANG_WARN_CONSTANT_CONVERSION = YES;
				CLANG_WARN_DIRECT_OBJC_ISA_USAGE = YES_ERROR;
				CLANG_WARN_DOCUMENTATION_COMMENTS = YES;
				CLANG_WARN_EMPTY_BODY = YES;
				CLANG_WARN_ENUM_CONVERSION = YES;
				CLANG_WARN_INFINITE_RECURSION = YES;
				CLANG_WARN_INT_CONVERSION = YES;
				CLANG_WARN_NON_LITERAL_NULL_CONVERSION = YES;
				CLANG_WARN_OBJC_LITERAL_CONVERSION = YES;
				CLANG_WARN_OBJC_ROOT_CLASS = YES_ERROR;
				CLANG_WARN_RANGE_LOOP_ANALYSIS = YES;
				CLANG_WARN_STRICT_PROTOTYPES = YES;
				CLANG_WARN_SUSPICIOUS_MOVE = YES;
				CLANG_WARN_UNGUARDED_AVAILABILITY = YES_AGGRESSIVE;
				CLANG_WARN_UNREACHABLE_CODE = YES;
				CLANG_WARN__DUPLICATE_METHOD_MATCH = YES;
				CODE_SIGN_IDENTITY = "iPhone Developer";
				COPY_PHASE_STRIP = NO;
				DEBUG_INFORMATION_FORMAT = dwarf;
				ENABLE_STRICT_OBJC_MSGSEND = YES;
				ENABLE_TESTABILITY = YES;
				GCC_C_LANGUAGE_STANDARD = gnu11;
				GCC_DYNAMIC_NO_PIC = NO;
				GCC_NO_COMMON_BLOCKS = YES;
				GCC_OPTIMIZATION_LEVEL = 0;
				GCC_PREPROCESSOR_DEFINITIONS = (
					"DEBUG=1",
					"$(inherited)",
				);
				GCC_WARN_64_TO_32_BIT_CONVERSION = YES;
				GCC_WARN_ABOUT_RETURN_TYPE = YES_ERROR;
				GCC_WARN_UNDECLARED_SELECTOR = YES;
				GCC_WARN_UNINITIALIZED_AUTOS = YES_AGGRESSIVE;
				GCC_WARN_UNUSED_FUNCTION = YES;
				GCC_WARN_UNUSED_VARIABLE = YES;
				IPHONEOS_DEPLOYMENT_TARGET = 11.1;
				MTL_ENABLE_DEBUG_INFO = YES;
				ONLY_ACTIVE_ARCH = YES;
				SDKROOT = iphoneos;
				SWIFT_ACTIVE_COMPILATION_CONDITIONS = DEBUG;
				SWIFT_OPTIMIZATION_LEVEL = "-Onone";
			};
			name = Debug;
		};
		17991EF31FBB5BF9009DC2E0 /* Release */ = {
			isa = XCBuildConfiguration;
			buildSettings = {
				ALWAYS_SEARCH_USER_PATHS = NO;
				CLANG_ANALYZER_NONNULL = YES;
				CLANG_ANALYZER_NUMBER_OBJECT_CONVERSION = YES_AGGRESSIVE;
				CLANG_CXX_LANGUAGE_STANDARD = "gnu++14";
				CLANG_CXX_LIBRARY = "libc++";
				CLANG_ENABLE_MODULES = YES;
				CLANG_ENABLE_OBJC_ARC = YES;
				CLANG_WARN_BLOCK_CAPTURE_AUTORELEASING = YES;
				CLANG_WARN_BOOL_CONVERSION = YES;
				CLANG_WARN_COMMA = YES;
				CLANG_WARN_CONSTANT_CONVERSION = YES;
				CLANG_WARN_DIRECT_OBJC_ISA_USAGE = YES_ERROR;
				CLANG_WARN_DOCUMENTATION_COMMENTS = YES;
				CLANG_WARN_EMPTY_BODY = YES;
				CLANG_WARN_ENUM_CONVERSION = YES;
				CLANG_WARN_INFINITE_RECURSION = YES;
				CLANG_WARN_INT_CONVERSION = YES;
				CLANG_WARN_NON_LITERAL_NULL_CONVERSION = YES;
				CLANG_WARN_OBJC_LITERAL_CONVERSION = YES;
				CLANG_WARN_OBJC_ROOT_CLASS = YES_ERROR;
				CLANG_WARN_RANGE_LOOP_ANALYSIS = YES;
				CLANG_WARN_STRICT_PROTOTYPES = YES;
				CLANG_WARN_SUSPICIOUS_MOVE = YES;
				CLANG_WARN_UNGUARDED_AVAILABILITY = YES_AGGRESSIVE;
				CLANG_WARN_UNREACHABLE_CODE = YES;
				CLANG_WARN__DUPLICATE_METHOD_MATCH = YES;
				CODE_SIGN_IDENTITY = "iPhone Developer";
				COPY_PHASE_STRIP = NO;
				DEBUG_INFORMATION_FORMAT = "dwarf-with-dsym";
				ENABLE_NS_ASSERTIONS = NO;
				ENABLE_STRICT_OBJC_MSGSEND = YES;
				GCC_C_LANGUAGE_STANDARD = gnu11;
				GCC_NO_COMMON_BLOCKS = YES;
				GCC_WARN_64_TO_32_BIT_CONVERSION = YES;
				GCC_WARN_ABOUT_RETURN_TYPE = YES_ERROR;
				GCC_WARN_UNDECLARED_SELECTOR = YES;
				GCC_WARN_UNINITIALIZED_AUTOS = YES_AGGRESSIVE;
				GCC_WARN_UNUSED_FUNCTION = YES;
				GCC_WARN_UNUSED_VARIABLE = YES;
				IPHONEOS_DEPLOYMENT_TARGET = 11.1;
				MTL_ENABLE_DEBUG_INFO = NO;
				SDKROOT = iphoneos;
				SWIFT_OPTIMIZATION_LEVEL = "-Owholemodule";
				VALIDATE_PRODUCT = YES;
			};
			name = Release;
		};
		17991EF51FBB5BF9009DC2E0 /* Debug */ = {
			isa = XCBuildConfiguration;
			buildSettings = {
				ASSETCATALOG_COMPILER_APPICON_NAME = AppIcon;
				CODE_SIGN_STYLE = Automatic;
				DEVELOPMENT_TEAM = 2WB486963M;
				INFOPLIST_FILE = ARKitPlaying/Info.plist;
				IPHONEOS_DEPLOYMENT_TARGET = 11.0;
				LD_RUNPATH_SEARCH_PATHS = "$(inherited) @executable_path/Frameworks";
				PRODUCT_BUNDLE_IDENTIFIER = com.ann.razeware.ARniegeddon;
				PRODUCT_NAME = "$(TARGET_NAME)";
				SWIFT_VERSION = 4.0;
				TARGETED_DEVICE_FAMILY = "1,2";
			};
			name = Debug;
		};
		17991EF61FBB5BF9009DC2E0 /* Release */ = {
			isa = XCBuildConfiguration;
			buildSettings = {
				ASSETCATALOG_COMPILER_APPICON_NAME = AppIcon;
				CODE_SIGN_STYLE = Automatic;
				DEVELOPMENT_TEAM = 2WB486963M;
				INFOPLIST_FILE = ARKitPlaying/Info.plist;
				IPHONEOS_DEPLOYMENT_TARGET = 11.0;
				LD_RUNPATH_SEARCH_PATHS = "$(inherited) @executable_path/Frameworks";
				PRODUCT_BUNDLE_IDENTIFIER = com.ann.razeware.ARniegeddon;
				PRODUCT_NAME = "$(TARGET_NAME)";
				SWIFT_VERSION = 4.0;
				TARGETED_DEVICE_FAMILY = "1,2";
			};
			name = Release;
		};
		17991EF81FBB5BF9009DC2E0 /* Debug */ = {
			isa = XCBuildConfiguration;
			buildSettings = {
				ALWAYS_EMBED_SWIFT_STANDARD_LIBRARIES = YES;
				BUNDLE_LOADER = "$(TEST_HOST)";
				CODE_SIGN_STYLE = Automatic;
				DEVELOPMENT_TEAM = 2WB486963M;
				INFOPLIST_FILE = ARKitPlayingTests/Info.plist;
				LD_RUNPATH_SEARCH_PATHS = "$(inherited) @executable_path/Frameworks @loader_path/Frameworks";
				PRODUCT_BUNDLE_IDENTIFIER = com.ann.ARKitPlayingTests;
				PRODUCT_NAME = "$(TARGET_NAME)";
				SWIFT_VERSION = 4.0;
				TARGETED_DEVICE_FAMILY = "1,2";
				TEST_HOST = "$(BUILT_PRODUCTS_DIR)/ARKitPlaying.app/ARKitPlaying";
			};
			name = Debug;
		};
		17991EF91FBB5BF9009DC2E0 /* Release */ = {
			isa = XCBuildConfiguration;
			buildSettings = {
				ALWAYS_EMBED_SWIFT_STANDARD_LIBRARIES = YES;
				BUNDLE_LOADER = "$(TEST_HOST)";
				CODE_SIGN_STYLE = Automatic;
				DEVELOPMENT_TEAM = 2WB486963M;
				INFOPLIST_FILE = ARKitPlayingTests/Info.plist;
				LD_RUNPATH_SEARCH_PATHS = "$(inherited) @executable_path/Frameworks @loader_path/Frameworks";
				PRODUCT_BUNDLE_IDENTIFIER = com.ann.ARKitPlayingTests;
				PRODUCT_NAME = "$(TARGET_NAME)";
				SWIFT_VERSION = 4.0;
				TARGETED_DEVICE_FAMILY = "1,2";
				TEST_HOST = "$(BUILT_PRODUCTS_DIR)/ARKitPlaying.app/ARKitPlaying";
			};
			name = Release;
		};
/* End XCBuildConfiguration section */

/* Begin XCConfigurationList section */
		17991ED21FBB5BF9009DC2E0 /* Build configuration list for PBXProject "ARKitPlaying" */ = {
			isa = XCConfigurationList;
			buildConfigurations = (
				17991EF21FBB5BF9009DC2E0 /* Debug */,
				17991EF31FBB5BF9009DC2E0 /* Release */,
			);
			defaultConfigurationIsVisible = 0;
			defaultConfigurationName = Release;
		};
		17991EF41FBB5BF9009DC2E0 /* Build configuration list for PBXNativeTarget "ARKitPlaying" */ = {
			isa = XCConfigurationList;
			buildConfigurations = (
				17991EF51FBB5BF9009DC2E0 /* Debug */,
				17991EF61FBB5BF9009DC2E0 /* Release */,
			);
			defaultConfigurationIsVisible = 0;
			defaultConfigurationName = Release;
		};
		17991EF71FBB5BF9009DC2E0 /* Build configuration list for PBXNativeTarget "ARKitPlayingTests" */ = {
			isa = XCConfigurationList;
			buildConfigurations = (
				17991EF81FBB5BF9009DC2E0 /* Debug */,
				17991EF91FBB5BF9009DC2E0 /* Release */,
			);
			defaultConfigurationIsVisible = 0;
			defaultConfigurationName = Release;
		};
/* End XCConfigurationList section */
	};
	rootObject = 17991ECF1FBB5BF9009DC2E0 /* Project object */;
}
